
Microsoft Visual Studio Solution File, Format Version 12.00
# Visual Studio 14
VisualStudioVersion = 14.0.25420.1
MinimumVisualStudioVersion = 10.0.40219.1
Project("{FAE04EC0-301F-11D3-BF4B-00C04F79EFBC}") = "Murz1k.DrinksVendingMachine", "Murz1k.DrinksVendingMachine\Murz1k.DrinksVendingMachine.csproj", "{B0F5556B-2152-4A3E-AFBC-639C7CE81178}"
EndProject
Global
	GlobalSection(SolutionConfigurationPlatforms) = preSolution
		Debug|Any CPU = Debug|Any CPU
		Release|Any CPU = Release|Any CPU
	EndGlobalSection
	GlobalSection(ProjectConfigurationPlatforms) = postSolution
		{B0F5556B-2152-4A3E-AFBC-639C7CE81178}.Debug|Any CPU.ActiveCfg = Debug|Any CPU
		{B0F5556B-2152-4A3E-AFBC-639C7CE81178}.Debug|Any CPU.Build.0 = Debug|Any CPU
		{B0F5556B-2152-4A3E-AFBC-639C7CE81178}.Release|Any CPU.ActiveCfg = Release|Any CPU
		{B0F5556B-2152-4A3E-AFBC-639C7CE81178}.Release|Any CPU.Build.0 = Release|Any CPU
	EndGlobalSection
	GlobalSection(SolutionProperties) = preSolution
		HideSolutionNode = FALSE
	EndGlobalSection
EndGlobal
